{
  "object": {
    "pins": [
      {
        "package": "swift-system",
        "repositoryURL": "https://github.com/apple/swift-system.git",
        "state": {
          "branch": null,
          "revision": "025bcb1165deab2e20d4eaba79967ce73013f496",
          "version": "1.2.1"
        }
      },
      {
        "package": "swift-url",
        "repositoryURL": "https://github.com/karwa/swift-url.git",
        "state": {
          "branch": null,
          "revision": "16b0c933ac3f15bcabf371f16859b60d4dc877e6",
          "version": "0.4.0"
        }
      }
    ]
  },
  "version": 1
}
